
Microsoft Visual Studio Solution File, Format Version 12.00
# Visual Studio Version 17
VisualStudioVersion = 17.9.34723.18
MinimumVisualStudioVersion = 10.0.40219.1
Project("{9A19103F-16F7-4668-BE54-9A1E7A4F7556}") = "route Tsak", "route Tsak\route Tsak.csproj", "{0B7D5612-CAED-4C65-BE93-C37E409F266D}"
EndProject
Project("{FAE04EC0-301F-11D3-BF4B-00C04F79EFBC}") = "Test", "Test\Test.csproj", "{CF1EEED0-68ED-4109-8D0D-2841CC5E7F4B}"
EndProject
Global
	GlobalSection(SolutionConfigurationPlatforms) = preSolution
		Debug|Any CPU = Debug|Any CPU
		Release|Any CPU = Release|Any CPU
	EndGlobalSection
	GlobalSection(ProjectConfigurationPlatforms) = postSolution
		{0B7D5612-CAED-4C65-BE93-C37E409F266D}.Debug|Any CPU.ActiveCfg = Debug|Any CPU
		{0B7D5612-CAED-4C65-BE93-C37E409F266D}.Debug|Any CPU.Build.0 = Debug|Any CPU
		{0B7D5612-CAED-4C65-BE93-C37E409F266D}.Release|Any CPU.ActiveCfg = Release|Any CPU
		{0B7D5612-CAED-4C65-BE93-C37E409F266D}.Release|Any CPU.Build.0 = Release|Any CPU
		{CF1EEED0-68ED-4109-8D0D-2841CC5E7F4B}.Debug|Any CPU.ActiveCfg = Debug|Any CPU
		{CF1EEED0-68ED-4109-8D0D-2841CC5E7F4B}.Debug|Any CPU.Build.0 = Debug|Any CPU
		{CF1EEED0-68ED-4109-8D0D-2841CC5E7F4B}.Release|Any CPU.ActiveCfg = Release|Any CPU
		{CF1EEED0-68ED-4109-8D0D-2841CC5E7F4B}.Release|Any CPU.Build.0 = Release|Any CPU
	EndGlobalSection
	GlobalSection(SolutionProperties) = preSolution
		HideSolutionNode = FALSE
	EndGlobalSection
	GlobalSection(ExtensibilityGlobals) = postSolution
		SolutionGuid = {8DA90C38-EF39-4AB0-B0B3-23F65EE08F0A}
	EndGlobalSection
EndGlobal
